
Microsoft Visual Studio Solution File, Format Version 12.00
# Visual Studio 14
VisualStudioVersion = 14.0.25420.1
MinimumVisualStudioVersion = 10.0.40219.1
Project("{FAE04EC0-301F-11D3-BF4B-00C04F79EFBC}") = "Tripper.Web", "Tripper\Tripper.Web.csproj", "{74F66B59-C549-4C15-9599-177076230086}"
EndProject
Project("{FAE04EC0-301F-11D3-BF4B-00C04F79EFBC}") = "Tripper.Contracts", "Tripper.Contracts\Tripper.Contracts.csproj", "{C0D934A5-0E72-4D61-94EE-4FC3CCBA10EC}"
EndProject
Project("{FAE04EC0-301F-11D3-BF4B-00C04F79EFBC}") = "Skyscanner.Contracts", "Skyscanner.Contracts\Skyscanner.Contracts.csproj", "{2D4F84C2-31CF-42B6-993F-11CD97E22C6A}"
EndProject
Project("{FAE04EC0-301F-11D3-BF4B-00C04F79EFBC}") = "Tripper.Implementation", "Tripper.Implementation\Tripper.Implementation.csproj", "{17AD1315-7341-4563-90F1-7E25CF234C10}"
EndProject
Project("{FAE04EC0-301F-11D3-BF4B-00C04F79EFBC}") = "Tripper.DataAccess", "Tripper.DataAccess\Tripper.DataAccess.csproj", "{B678107A-2575-4C68-A883-B3BA0F8BD18E}"
EndProject
Project("{FAE04EC0-301F-11D3-BF4B-00C04F79EFBC}") = "Booking.Implementation", "Booking.Implementation\Booking.Implementation.csproj", "{06D49FC3-E9FA-4ED4-BAB7-BE90235F56FB}"
EndProject
Project("{FAE04EC0-301F-11D3-BF4B-00C04F79EFBC}") = "Tests", "Tests\Tests.csproj", "{614869CC-B53D-4578-830F-FA98A089E9A5}"
EndProject
Global
	GlobalSection(SolutionConfigurationPlatforms) = preSolution
		Debug|Any CPU = Debug|Any CPU
		Release|Any CPU = Release|Any CPU
	EndGlobalSection
	GlobalSection(ProjectConfigurationPlatforms) = postSolution
		{74F66B59-C549-4C15-9599-177076230086}.Debug|Any CPU.ActiveCfg = Debug|Any CPU
		{74F66B59-C549-4C15-9599-177076230086}.Debug|Any CPU.Build.0 = Debug|Any CPU
		{74F66B59-C549-4C15-9599-177076230086}.Release|Any CPU.ActiveCfg = Release|Any CPU
		{74F66B59-C549-4C15-9599-177076230086}.Release|Any CPU.Build.0 = Release|Any CPU
		{C0D934A5-0E72-4D61-94EE-4FC3CCBA10EC}.Debug|Any CPU.ActiveCfg = Debug|Any CPU
		{C0D934A5-0E72-4D61-94EE-4FC3CCBA10EC}.Debug|Any CPU.Build.0 = Debug|Any CPU
		{C0D934A5-0E72-4D61-94EE-4FC3CCBA10EC}.Release|Any CPU.ActiveCfg = Release|Any CPU
		{C0D934A5-0E72-4D61-94EE-4FC3CCBA10EC}.Release|Any CPU.Build.0 = Release|Any CPU
		{2D4F84C2-31CF-42B6-993F-11CD97E22C6A}.Debug|Any CPU.ActiveCfg = Debug|Any CPU
		{2D4F84C2-31CF-42B6-993F-11CD97E22C6A}.Debug|Any CPU.Build.0 = Debug|Any CPU
		{2D4F84C2-31CF-42B6-993F-11CD97E22C6A}.Release|Any CPU.ActiveCfg = Release|Any CPU
		{2D4F84C2-31CF-42B6-993F-11CD97E22C6A}.Release|Any CPU.Build.0 = Release|Any CPU
		{17AD1315-7341-4563-90F1-7E25CF234C10}.Debug|Any CPU.ActiveCfg = Debug|Any CPU
		{17AD1315-7341-4563-90F1-7E25CF234C10}.Debug|Any CPU.Build.0 = Debug|Any CPU
		{17AD1315-7341-4563-90F1-7E25CF234C10}.Release|Any CPU.ActiveCfg = Release|Any CPU
		{17AD1315-7341-4563-90F1-7E25CF234C10}.Release|Any CPU.Build.0 = Release|Any CPU
		{B678107A-2575-4C68-A883-B3BA0F8BD18E}.Debug|Any CPU.ActiveCfg = Debug|Any CPU
		{B678107A-2575-4C68-A883-B3BA0F8BD18E}.Debug|Any CPU.Build.0 = Debug|Any CPU
		{B678107A-2575-4C68-A883-B3BA0F8BD18E}.Release|Any CPU.ActiveCfg = Release|Any CPU
		{B678107A-2575-4C68-A883-B3BA0F8BD18E}.Release|Any CPU.Build.0 = Release|Any CPU
		{06D49FC3-E9FA-4ED4-BAB7-BE90235F56FB}.Debug|Any CPU.ActiveCfg = Debug|Any CPU
		{06D49FC3-E9FA-4ED4-BAB7-BE90235F56FB}.Debug|Any CPU.Build.0 = Debug|Any CPU
		{06D49FC3-E9FA-4ED4-BAB7-BE90235F56FB}.Release|Any CPU.ActiveCfg = Release|Any CPU
		{06D49FC3-E9FA-4ED4-BAB7-BE90235F56FB}.Release|Any CPU.Build.0 = Release|Any CPU
		{614869CC-B53D-4578-830F-FA98A089E9A5}.Debug|Any CPU.ActiveCfg = Debug|Any CPU
		{614869CC-B53D-4578-830F-FA98A089E9A5}.Debug|Any CPU.Build.0 = Debug|Any CPU
		{614869CC-B53D-4578-830F-FA98A089E9A5}.Release|Any CPU.ActiveCfg = Release|Any CPU
		{614869CC-B53D-4578-830F-FA98A089E9A5}.Release|Any CPU.Build.0 = Release|Any CPU
	EndGlobalSection
	GlobalSection(SolutionProperties) = preSolution
		HideSolutionNode = FALSE
	EndGlobalSection
EndGlobal
